{
  "name": "painel-plex",
  "version": "1.0.0",
  "lockfileVersion": 3,
  "requires": true,
  "packages": {
    "": {
      "name": "painel-plex",
      "version": "1.0.0",
      "license": "ISC",
      "dependencies": {
        "chart.js": "^4.4.3",
        "chartjs-adapter-date-fns": "^3.0.0",
        "socket.io-client": "^4.7.5"
      },
      "devDependencies": {
        "tailwindcss": "^3.4.3"
      }
    },
    "node_modules/@babel/runtime": {
      "version": "7.24.5",
      "resolved": "https://registry.npmjs.org/@babel/runtime/-/runtime-7.24.5.tgz",
      "integrity": "sha512-wDbE2LhYnscwZc/3E2e/A+133u22aQe42iJ3nBAsyw1vT52o35v1w7wR4bEKStz6Qn9o3lD/Is4/3YkCeg==",
      "dependencies": {
        "regenerator-runtime": "^0.14.0"
      },
      "engines": {
        "node": ">=6.9.0"
      }
    },
    "node_modules/accepts": {
      "version": "1.3.8",
      "resolved": "https://registry.npmjs.org/accepts/-/accepts-1.3.8.tgz",
      "integrity": "sha512-PYAthTa2m2VKxuvSD3DPC/Gy+U+sOA1LAuT8mkmRuvw+NACSaeXEQ+NHcVF7rONl6soaxNKJVbAGssPSzbeVWA==",
      "dependencies": {
        "mime-types": "~2.1.34",
        "negotiator": "0.6.3"
      },
      "engines": {
        "node": ">= 0.6"
      }
    },
    "node_modules/arg": {
      "version": "5.0.2",
      "resolved": "https://registry.npmjs.org/arg/-/arg-5.0.2.tgz",
      "integrity": "sha512-ZY9rGwd1weC4sL6OFLvO/69yvkmVAD2ve+2AbcmaO5H9w0cB9RivHiK93RNMvy64w12StC8SAoY2AadSNgJtVg=="
    },
    "node_modules/base64-arraybuffer": {
      "version": "1.0.2",
      "resolved": "https://registry.npmjs.org/base64-arraybuffer/-/base64-arraybuffer-1.0.2.tgz",
      "integrity": "sha512-I3PZholx36gdS/d5f2n333i4IPrg/p/y6a2m/u3jYAbdaeRkG/24QY2vA/uXmteGUAkY4liO5vVw2P/a0k2vA=="
    },
    "node_modules/base64id": {
      "version": "2.0.0",
      "resolved": "https://registry.npmjs.org/base64id/-/base64id-2.0.0.tgz",
      "integrity": "sha512-l5DTx3aeB/T/x3Ea8ePzP5W6sYwAStB2vZEk+p2dZZ2hYalSAzSM2pQ0uM7v54rEyc6Xn3v/m6vSXw4SersgA==",
      "engines": {
        "node": ">=4.0.0"
      }
    },
    "node_modules/braces": {
      "version": "3.0.2",
      "resolved": "https://registry.npmjs.org/braces/-/braces-3.0.2.tgz",
      "integrity": "sha512-b8um+L1RzM3WDSzvhm6gIz1yfTbBt6YTlcEKAvsmLwhUvA6syrBcomeglNwe9GcXt/vyHכתבתי_למעלה_בעברית",
      "dependencies": {
        "fill-range": "^7.0.1"
      },
      "engines": {
        "node": ">=8"
      }
    },
    "node_modules/camelcase-css": {
      "version": "2.0.1",
      "resolved": "https://registry.npmjs.org/camelcase-css/-/camelcase-css-2.0.1.tgz",
      "integrity": "sha512-Q+2l6c7r3GvBNYV1WkXjGyPNpb2hNmLJcnj4DSpadOt30g29z844mQpxasS3tH2+ChN2hSTeSt2e4YI3as3Gg==",
      "engines": {
        "node": ">= 6"
      }
    },
    "node_modules/chart.js": {
      "version": "4.4.3",
      "resolved": "https://registry.npmjs.org/chart.js/-/chart.js-4.4.3.tgz",
      "integrity": "sha512-qKvbODVJdksH9i+I3UoCEsFr2gB2fVYYnUo6d4IMuNv4qaT9Rns/OwT2B3vxbI+3BRS2I27d32a22nK2vT2ZCA==",
      "dependencies": {
        "@kurkle/color": "^0.3.2"
      },
      "engines": {
        "pnpm": ">=8"
      }
    },
    "node_modules/chartjs-adapter-date-fns": {
      "version": "3.0.0",
      "resolved": "https://registry.npmjs.org/chartjs-adapter-date-fns/-/chartjs-adapter-date-fns-3.0.0.tgz",
      "integrity": "sha512-8K2+IeTPlwF2kI8i9oYn9xO3VbIPNlM4hDblj+ASw2bC2ZitdDkMRhKGHtHlSgspDid1ACAMvLegxU5smmb3jw==",
      "peerDependencies": {
        "chart.js": ">=3",
        "date-fns": ">=2"
      }
    },
    "node_modules/chokidar": {
      "version": "3.6.0",
      "resolved": "https://registry.npmjs.org/chokidar/-/chokidar-3.6.0.tgz",
      "integrity": "sha512-7VT13fmJBnUWyU2+z+TOhD23oIeAcnTfV0g14E67N7dM0eW464s2xeA9A+K2V3wDFsA942m3RBvT1vQZJ/4Wg==",
      "funding": [
        {
          "type": "individual",
          "url": "https://paulmillr.com/funding/"
        }
      ],
      "dependencies": {
        "anymatch": "~3.1.2",
        "braces": "~3.0.2",
        "glob-parent": "~5.1.2",
        "is-binary-path": "~2.1.0",
        "is-glob": "~4.0.3",
        "normalize-path": "~3.0.0",
        "readdirp": "~3.6.0"
      },
      "engines": {
        "node": ">= 8.10.0"
      },
      "optionalDependencies": {
        "fsevents": "~2.3.2"
      }
    },
    "node_modules/cors": {
      "version": "2.8.5",
      "resolved": "https://registry.npmjs.org/cors/-/cors-2.8.5.tgz",
      "integrity": "sha512-IIltcHcnJj0zDnxcZf0A/o+I7j/76qXDK6M5pLzhvODfAv2SAc8aEz8g6RDbz2e4z2BfV/JSACrEucs339fmwg==",
      "dependencies": {
        "object-assign": "^4",
        "vary": "^1"
      },
      "engines": {
        "node": ">= 0.10"
      }
    },
    "node_modules/css-selector-tokenizer": {
      "version": "0.8.0",
      "resolved": "https://registry.npmjs.org/css-selector-tokenizer/-/css-selector-tokenizer-0.8.0.tgz",
      "integrity": "sha512-Jne5s1/06Qn9yD3zK5IeIprt256wsg8p1s42d41e7f642vI1/2cCrlt2eB24kGk2ax9w2ryS1aEOg3s3KYK7A==",
      "dependencies": {
        "fast-levenshtein": "^2.0.6",
        "regexpu-core": "^4.7.1"
      }
    },
    "node_modules/date-fns": {
      "version": "2.30.0",
      "resolved": "https://registry.npmjs.org/date-fns/-/date-fns-2.30.0.tgz",
      "integrity": "sha512-fnULvOaHrQ3vqpFP3iMSu0FvWJ3p9S1aT5E43NfNKOw48zDwan3Q4S1BBA60go7sHplL2sAtzX2U2jwz58gZgA==",
      "engines": {
        "node": ">=0.11"
      },
      "funding": {
        "type": "opencollective",
        "url": "https://opencollective.com/date-fns"
      }
    },
    "node_modules/debug": {
      "version": "4.3.4",
      "resolved": "https://registry.npmjs.org/debug/-/debug-4.3.4.tgz",
      "integrity": "sha512-PR1J4KapiGJvbsHrwiIWELvs0Ili6LAx45su6b22UTUTI9iEIZeDGEkggFr8MOB29mm16e3TrWhp5en417iGgw==",
      "dependencies": {
        "ms": "2.1.2"
      },
      "engines": {
        "node": ">=6.0"
      },
      "peerDependenciesMeta": {
        "supports-color": {
          "optional": true
        }
      }
    },
    "node_modules/didyoumean": {
      "version": "1.2.2",
      "resolved": "https://registry.npmjs.org/didyoumean/-/didyoumean-1.2.2.tgz",
      "integrity": "sha512-q+UprvT/4eL3zVDAU6uYga1OADjLy42F41I/E9W1cSgqAljPeauRj2J2rI/bQv/N2fL9jj2rK2vjVnFk5iWDA=="
    },
    "node_modules/dlv": {
      "version": "1.1.3",
      "resolved": "https://registry.npmjs.org/dlv/-/dlv-1.1.3.tgz",
      "integrity": "sha512-OmdxnIu120m3Ie3a3w+e9G6a/5a23s4T711i3t4c4Tf/YCh5a339wU7w39M3Y82x8oGz/6is6z26Sg=="
    },
    "node_modules/engine.io-client": {
      "version": "6.5.2",
      "resolved": "https://registry.npmjs.org/engine.io-client/-/engine.io-client-6.5.2.tgz",
      "integrity": "sha512-Y/pGRaK2NfTAln+s24T5dIeXi4z2fgzSSjx43h1prHjEYLK3ax+2b+x5yvztj2CgYmXGz2w201TOrzI82gJzVA==",
      "dependencies": {
        "debug": "~4.3.1",
        "engine.io-parser": "~5.2.1",
        "ws": "~8.11.0",
        "xmlhttprequest-ssl": "~2.0.0"
      },
      "engines": {
        "node": ">=10.0.0"
      }
    },
    "node_modules/engine.io-parser": {
      "version": "5.2.2",
      "resolved": "https://registry.npmjs.org/engine.io-parser/-/engine.io-parser-5.2.2.tgz",
      "integrity": "sha512-cyCoLh5j7Eiloa25L55aA/A/f/gaGiOCvDLm23gEdk2h5TUIpzwK4Sr2W6mw2w2mK8eS2w2gBl638zI6e2p3pA==",
      "dependencies": {
        "base64-arraybuffer": "~1.0.2"
      },
      "engines": {
        "node": ">=10.0.0"
      }
    },
    "node_modules/fast-glob": {
      "version": "3.3.2",
      "resolved": "https://registry.npmjs.org/fast-glob/-/fast-glob-3.3.2.tgz",
      "integrity": "sha512-oX2ruAFQwf/Orj8m737Y5adxYc7VLxWKy8c73tDkkEvPnb6+3wFbmDcb22Ie2v3aQi26R4251j1P3s0G1z3xIQ==",
      "dependencies": {
        "@nodelib/fs.stat": "^2.0.2",
        "@nodelib/fs.walk": "^1.2.3",
        "glob-parent": "^5.1.2",
        "micromatch": "^4.0.4",
        "merge2": "^1.3.0"
      },
      "engines": {
        "node": ">=8.6.0"
      }
    },
    "node_modules/fast-levenshtein": {
      "version": "2.0.6",
      "resolved": "https://registry.npmjs.org/fast-levenshtein/-/fast-levenshtein-2.0.6.tgz",
      "integrity": "sha512-DCXu62aaM45NMfqzAwUDi2hCaBTcLIuS3Z67ft3w2N2i/a4K9c/eXyuGjYadwz3Q7i3o13r/3M93v5fhtg2gA=="
    },
    "node_modules/fastq": {
      "version": "1.17.1",
      "resolved": "https://registry.npmjs.org/fastq/-/fastq-1.17.1.tgz",
      "integrity": "sha512-sR6I/cNpMs2iRSTs6o71Wq32bAjUPpA/kEaJtA/gD/t2dI5+a25/a8x42e13YWJgrP1I9Rz+A3JBCr0og==",
      "dependencies": {
        "reusify": "^1.0.4"
      }
    },
    "node_modules/fill-range": {
      "version": "7.0.1",
      "resolved": "https://registry.npmjs.org/fill-range/-/fill-range-7.0.1.tgz",
      "integrity": "sha512-qOo9F+dMtkC+i48sFeTKDfvyJ3AW5u4EaxGa/cvstna3z/q2rl1A+hf/Gse/K0MGAo2EALQyabOuTjwgyur7Yw==",
      "dependencies": {
        "to-regex-range": "^5.0.1"
      },
      "engines": {
        "node": ">=8"
      }
    },
    "node_modules/glob-parent": {
      "version": "5.1.2",
      "resolved": "https://registry.npmjs.org/glob-parent/-/glob-parent-5.1.2.tgz",
      "integrity": "sha512-AOIgSQCepiCVvonrdU86ZN2AccjwSNm2YF4GZ4Gp+LVJucFypf1b AQUNaJv+JjUVOBDRMA3LLL3oBAevr3pETA==",
      "dependencies": {
        "is-glob": "^4.0.1"
      },
      "engines": {
        "node": ">= 6"
      }
    },
    "node_modules/is-binary-path": {
      "version": "2.1.0",
      "resolved": "https://registry.npmjs.org/is-binary-path/-/is-binary-path-2.1.0.tgz",
      "integrity": "sha512-ZzjnRs42xBasA7wE/rR232w31b2m5M42rd/agQeP/J/aEDrI0YQoM2r/N1F5sMJm/N/brouS3y246kFR+aM2A==",
      "dependencies": {
        "binary-extensions": "^2.0.0"
      },
      "engines": {
        "node": ">=8"
      }
    },
    "node_modules/is-extglob": {
      "version": "2.1.1",
      "resolved": "https://registry.npmjs.org/is-extglob/-/is-extglob-2.1.1.tgz",
      "integrity": "sha512-SbKbANkN603ViZTkEo3ZuF/+DrmH9rfyEeMgp/B/PT2o/BsoA7kLPO1pS6cWd2eZl73C8afG39L/KAFr9QePNQ==",
      "engines": {
        "node": ">=0.10.0"
      }
    },
    "node_modules/is-glob": {
      "version": "4.0.3",
      "resolved": "https://registry.npmjs.org/is-glob/-/is-glob-4.0.3.tgz",
      "integrity": "sha512-xelSayIuTMz7KnI+m+h5NnL+6LS3c9z6iWd3bb9E7wocd10K8Sts2pvsTfLp9k8Wa3T9L1v/vP1pZQUxaug2A==",
      "dependencies": {
        "is-extglob": "^2.1.1"
      },
      "engines": {
        "node": ">=0.10.0"
      }
    },
    "node_modules/is-number": {
      "version": "7.0.0",
      "resolved": "https://registry.npmjs.org/is-number/-/is-number-7.0.0.tgz",
      "integrity": "sha512-41Cifkg6e8TylSpdtTpeLVMqvSBEVzTttHvERD741+A2seVllGt9cXafhhh8e7mFgaN8ONUXb2eOthOsXifBlA==",
      "engines": {
        "node": ">=0.12.0"
      }
    },
    "node_modules/lilconfig": {
      "version": "2.1.0",
      "resolved": "https://registry.npmjs.org/lilconfig/-/lilconfig-2.1.0.tgz",
      "integrity": "sha512-utWOt/GHzuUeC617i7o1lBwAE36p3M6Wn4X2QPa7i48ORr2vj6mni6IXpEal2svoHlo3eI2YJRx347s20p/EA==",
      "engines": {
        "node": ">=10"
      }
    },
    "node_modules/lines-and-columns": {
      "version": "1.2.4",
      "resolved": "https://registry.npmjs.org/lines-and-columns/-/lines-and-columns-1.2.4.tgz",
      "integrity": "sha512-7ylylesi6qH57sDvo0AGIt64bLBX/FoO6VG5wc3c4jG3p9be6uEdCrRa2T7aCCksb2qWYE0WMmrr1RarN5AB+A=="
    },
    "node_modules/merge2": {
      "version": "1.4.1",
      "resolved": "https://registry.npmjs.org/merge2/-/merge2-1.4.1.tgz",
      "integrity": "sha512-ESjrl1HSY9Ppf+aY9h/FpS2nBL/O/kI+c2p3T2s+3iE0i0vO/mKk3hS/5CYmKXA84VbMER9sZ2IeCNg==",
      "engines": {
        "node": ">= 8"
      }
    },
    "node_modules/micromatch": {
      "version": "4.0.5",
      "resolved": "https://registry.npmjs.org/micromatch/-/micromatch-4.0.5.tgz",
      "integrity": "sha512-D12n8JxNbgZXv9Rbtjo1TCaJpwo0r2fSP/f0pAxRk4KkH2dRX2fU4Ie5jFf6T3D4G/GNbM4d1w5R5iXWlX2aA==",
      "dependencies": {
        "braces": "^3.0.2",
        "picomatch": "^2.3.1"
      },
      "engines": {
        "node": ">=8.6"
      }
    },
    "node_modules/mime-db": {
      "version": "1.52.0",
      "resolved": "https://registry.npmjs.org/mime-db/-/mime-db-1.52.0.tgz",
      "integrity": "sha512-sPU4uV7dYlvtWdTwcY1K1fnAgDgV2gBLVwAUQAEVn7mqYmAO+wRrvwA1ALrbK2TonR2TjCRo1t2QmLhkJBq95Q==",
      "engines": {
        "node": ">= 0.6"
      }
    },
    "node_modules/mime-types": {
      "version": "2.1.35",
      "resolved": "https://registry.npmjs.org/mime-types/-/mime-types-2.1.35.tgz",
      "integrity": "sha512-ZDY+bPm5zTTF+YpCrAU9nK0UgICYPT0QtT1NZWFv4s++TNkcgVaT0g6+4V1u00AgYgTS2vAZhuzwAk76T2rLeQ==",
      "dependencies": {
        "mime-db": "1.52.0"
      },
      "engines": {
        "node": ">= 0.6"
      }
    },
    "node_modules/ms": {
      "version": "2.1.2",
      "resolved": "https://registry.npmjs.org/ms/-/ms-2.1.2.tgz",
      "integrity": "sha512-sGkPx+VjMtmA6MX27oA4FBFELFCZZ4S4XqeGOXCv68tT+jb3vk/RyaKWP0PTKyWtmLSM0b+adUTEvbs1PEAxBg=="
    },
    "node_modules/nanoid": {
      "version": "3.3.7",
      "resolved": "https://registry.npmjs.org/nanoid/-/nanoid-3.3.7.tgz",
      "integrity": "sha512-eSRppjcPIatHDYmXJDDEKSANOFbLcr9fPjR2Vzsf2k1v+B4RR0U9X/bE5aA6aJG7u3c5z7pL3i22iTPePzIew==",
      "funding": [
        {
          "type": "github",
          "url": "https://github.com/sponsors/ai"
        }
      ],
      "bin": {
        "nanoid": "bin/nanoid.js"
      },
      "engines": {
        "node": "^10 || ^12 || ^13.7 || ^14 || >=15.0.1"
      }
    },
    "node_modules/negotiator": {
      "version": "0.6.3",
      "resolved": "https://registry.npmjs.org/negotiator/-/negotiator-0.6.3.tgz",
      "integrity": "sha512-+EUsqGPLsM+j/zdChZjsnX51g4XrHFOIXwfn2r5ohtcpFsvKgoStndwtbvsFVBMrbNGEc/IL3UMEgNegotiator/4Tg==",
      "engines": {
        "node": ">= 0.6"
      }
    },
    "node_modules/normalize-path": {
      "version": "3.0.0",
      "resolved": "https://registry.npmjs.org/normalize-path/-/normalize-path-3.0.0.tgz",
      "integrity": "sha512-6ePa5dbQpr+v44V62reqDyxIOzBfAh62/Zw/o4MSt/qAVJAVhKGD2aTXrxbPzCVO6tcajTOEHsvA2TrADAbLCg==",
      "engines": {
        "node": ">=0.10.0"
      }
    },
    "node_modules/object-assign": {
      "version": "4.1.1",
      "resolved": "https://registry.npmjs.org/object-assign/-/object-assign-4.1.1.tgz",
      "integrity": "sha512-IQ6k5PAXp2Nn/Em98LPAUEQn6sYqjxdGtqWK3WnckmxrYc+xPGpe8PI0n3KUF61sK+fi+9bUDf0sNKenocbA9A==",
      "engines": {
        "node": ">=0.10.0"
      }
    },
    "node_modules/object-hash": {
      "version": "3.0.0",
      "resolved": "https://registry.npmjs.org/object-hash/-/object-hash-3.0.0.tgz",
      "integrity": "sha512-cmW9ifbDoFnxnThTVqNqw0fKibDSHSscV32gC3vnF4ds2t6N/X1I2aMpHw2tDvegs12KnA6sFi1bO2IkmdXp2g==",
      "engines": {
        "node": ">= 6"
      }
    },
    "node_modules/picocolors": {
      "version": "1.0.1",
      "resolved": "https://registry.npmjs.org/picocolors/-/picocolors-1.0.1.tgz",
      "integrity": "sha512-anP1Z8qwhCfnzwO83I9U3PanbS2zTj3v2ChbBOKWpT+p4V23K2yv0gIvW2StcRPUK0MOMjL1bPhe5w/p0oKMpA=="
    },
    "node_modules/picomatch": {
      "version": "2.3.1",
      "resolved": "https://registry.npmjs.org/picomatch/-/picomatch-2.3.1.tgz",
      "integrity": "sha512-JU3teI6mRUp6StpB2xftYpr2nWEAyBsKfsMM/9Vf2AwaoHhM/ztUwV79D79AY2GIaYKR4k/1as2Vp5AQb2m3pg==",
      "engines": {
        "node": ">=8.6"
      }
    },
    "node_modules/pify": {
      "version": "2.3.0",
      "resolved": "https://registry.npmjs.org/pify/-/pify-2.3.0.tgz",
      "integrity": "sha512-aLpdFphb25Stp2soqG+ftcfdGzoPLNBhA2E2MAlntfs2msAOK9/b4u92bC2HGCcTEM2i6mG43cY4lP1W/tM0wA==",
      "engines": {
        "node": ">=0.10.0"
      }
    },
    "node_modules/pirates": {
      "version": "4.0.6",
      "resolved": "https://registry.npmjs.org/pirates/-/pirates-4.0.6.tgz",
      "integrity": "sha512-saGoPQe2bYelmyffck65f2a9CVnm/sA1aPCHa5/pMIo3svk2I2sI2p22/pr2SK2pi5sLhcrgkffKxYp2h59p/g==",
      "engines": {
        "node": ">= 6"
      }
    },
    "node_modules/postcss": {
      "version": "8.4.38",
      "resolved": "https://registry.npmjs.org/postcss/-/postcss-8.4.38.tgz",
      "integrity": "sha512-WglpBve81Q2g9SgV2v9T2+3k3Yl3SYwUygJg792W21e54/AJFvHrb5t4k4gD3i3202AqN1ed3IIJ2s22kSSsA==",
      "funding": [
        {
          "type": "opencollective",
          "url": "https://opencollective.com/postcss/"
        },
        {
          "type": "tidelift",
          "url": "https://tidelift.com/funding/github/npm/postcss"
        },
        {
          "type": "github",
          "url": "https://github.com/sponsors/ai"
        }
      ],
      "dependencies": {
        "nanoid": "^3.3.7",
        "picocolors": "^1.0.1",
        "source-map-js": "^1.2.0"
      },
      "engines": {
        "node": "^10 || ^12 || >=14"
      }
    },
    "node_modules/postcss-import": {
      "version": "15.1.0",
      "resolved": "https://registry.npmjs.org/postcss-import/-/postcss-import-15.1.0.tgz",
      "integrity": "sha512-hpr+ZIzY0VKBSi4QSzP6j/02iX1IUGt/zKEbca4oKADBu4fIlE48AAA5GNNoj+N0s2Q4szja4g3l3x/x/HDalQ==",
      "dependencies": {
        "postcss-value-parser": "^4.0.0",
        "read-cache": "^1.0.0",
        "resolve": "^1.1.7"
      },
      "engines": {
        "node": ">=14.0.0"
      },
      "peerDependencies": {
        "postcss": "^8.0.0"
      }
    },
    "node_modules/postcss-js": {
      "version": "4.0.1",
      "resolved": "https://registry.npmjs.org/postcss-js/-/postcss-js-4.0.1.tgz",
      "integrity": "sha512-dDLFh3gorxtcZuIYA7q42J+dJ54H74NQ9gJD4S/jC4PNn4paO4ImU08GQckd/shn23TFTQB6bDb5323o42sY0Q==",
      "dependencies": {
        "camelcase-css": "^2.0.1",
        "postcss": "^8.4.21"
      },
      "engines": {
        "node": "^12 || >=14"
      }
    },
    "node_modules/postcss-load-config": {
      "version": "4.0.2",
      "resolved": "https://registry.npmjs.org/postcss-load-config/-/postcss-load-config-4.0.2.tgz",
      "integrity": "sha512-bH9EMxdhcieo5b244/e1wAlM2Z0glaa6Lp2/9gHnNjpzO4Y+cKAbg2y3GzEaVz03k4gXbcm6Yk1k8j3iLZL3g==",
      "funding": [
        {
          "type": "opencollective",
          "url": "https://opencollective.com/postcss/"
        },
        {
          "type": "github",
          "url": "https://github.com/sponsors/ai"
        }
      ],
      "dependencies": {
        "lilconfig": "^2.1.0",
        "yaml": "^2.2.2"
      },
      "engines": {
        "node": ">= 14"
      },
      "peerDependencies": {
        "postcss": ">=8.0.0",
        "ts-node": ">=9.0.0"
      },
      "peerDependenciesMeta": {
        "postcss": {
          "optional": true
        },
        "ts-node": {
          "optional": true
        }
      }
    },
    "node_modules/postcss-nested": {
      "version": "6.0.1",
      "resolved": "https://registry.npmjs.org/postcss-nested/-/postcss-nested-6.0.1.tgz",
      "integrity": "sha512-mSOWpNa+I3nK+k4g123d6T7rL39G3e5t9z4g0dO/R42/Wv1E0dI5/2Jtp0a22rK+izSnm12eR2d5g8mQ==",
      "dependencies": {
        "postcss-selector-parser": "^6.0.11"
      },
      "engines": {
        "node": ">=12.0"
      },
      "peerDependencies": {
        "postcss": "^8.2.14"
      }
    },
    "node_modules/postcss-selector-parser": {
      "version": "6.0.16",
      "resolved": "https://registry.npmjs.org/postcss-selector-parser/-/postcss-selector-parser-6.0.16.tgz",
      "integrity": "sha512-A0/o3T1K22T3J9j1aK6gJgEp7DbTMGasOeeHe33J+pLctT+MCGeyNiVwR6odn1x2a7Wn23k32k42KCHk5t3qtg==",
      "dependencies": {
        "css-selector-tokenizer": "^0.8.0",
        "util-deprecate": "^1.0.2"
      },
      "engines": {
        "node": ">=6.0"
      }
    },
    "node_modules/postcss-value-parser": {
      "version": "4.2.0",
      "resolved": "https://registry.npmjs.org/postcss-value-parser/-/postcss-value-parser-4.2.0.tgz",
      "integrity": "sha512-1NNCs6uurfkVbeXG4S8JFT9t19m45aif6pQADPDWeG3N71G4rMEi4p2VqI7rgr8S2kEVAhSox/tK7bO0SDdlA=="
    },
    "node_modules/queue-microtask": {
      "version": "1.2.3",
      "resolved": "https://registry.npmjs.org/queue-microtask/-/queue-microtask-1.2.3.tgz",
      "integrity": "sha512-NuaNSa6flKT5JaSYQzJok04JzTL1CA6aGhv5rfLW3PgqA+M2ChpZQnAC8h8i4ZFkBS8X5RqkDBHA7r4hej3K9A==",
      "funding": [
        {
          "type": "github",
          "url": "https://github.com/sponsors/feross"
        },
        {
          "type": "patreon",
          "url": "https://www.patreon.com/feross"
        },
        {
          "type": "consulting",
          "url": "https://feross.org/support"
        }
      ]
    },
    "node_modules/read-cache": {
      "version": "1.0.0",
      "resolved": "https://registry.npmjs.org/read-cache/-/read-cache-1.0.0.tgz",
      "integrity": "sha512-Owdv/i25aN151hKx2l1/iH2PvyyZ2sIqwh7lsvwXkYOK2dyk6vRX+1bMua2Vb2N3w9e7sE205Wp42A2aK2bEBQ==",
      "dependencies": {
        "pify": "^2.3.0"
      },
      "engines": {
        "node": ">=4"
      }
    },
    "node_modules/readdirp": {
      "version": "3.6.0",
      "resolved": "https://registry.npmjs.org/readdirp/-/readdirp-3.6.0.tgz",
      "integrity": "sha512-hOS089on8RduqdbwJGsLqR9i4gBff5p46xSP1tA0K29pAdyT0QrmFVScsJxoHMA24M9wR5k+gG6xp0bgo93vg==",
      "dependencies": {
        "picomatch": "^2.2.1"
      },
      "engines": {
        "node": ">=8.10.0"
      }
    },
    "node_modules/regenerator-runtime": {
      "version": "0.14.1",
      "resolved": "https://registry.npmjs.org/regenerator-runtime/-/regenerator-runtime-0.14.1.tgz",
      "integrity": "sha512-dYnhHh0nJoMfnkZs6GmmhFknAGRrLznOu5txDE-N1lRXmNRhAE2DFoR3AEXBlAARoB5k1myWawjS2KcFxJ8Vdg=="
    },
    "node_modules/regexpu-core": {
      "version": "4.9.1",
      "resolved": "https://registry.npmjs.org/regexpu-core/-/regexpu-core-4.9.1.tgz",
      "integrity": "sha512-k5s4Ie3IeIeMSr4N+21T7atE3ed5lD3W+VbBvSjK4d6sICi2pc252uI26aV3Ue85I8/i3sS3T6pdeqTCSugjg==",
      "dependencies": {
        "regenerate": "^1.4.2",
        "regenerate-unicode-properties": "^9.0.0",
        "regjsgen": "^0.5.2",
        "regjsparser": "^0.7.0",
        "unicode-match-property-ecmascript": "^2.0.0",
        "unicode-match-property-value-ecmascript": "^2.1.0"
      }
    },
    "node_modules/reusify": {
      "version": "1.0.4",
      "resolved": "https://registry.npmjs.org/reusify/-/reusify-1.0.4.tgz",
      "integrity": "sha512-U9nH88a3fc/ekCF1l0/UP1IosiuIjyTh7hBvXVMHYgV8WtxPaBC+8loA5B2ryr8+vTimuzbdax4rTJpA7EEyyA==",
      "engines": {
        "node": ">=0.10"
      }
    },
    "node_modules/run-parallel": {
      "version": "1.2.0",
      "resolved": "https://registry.npmjs.org/run-parallel/-/run-parallel-1.2.0.tgz",
      "integrity": "sha512-5l49u2Wk45MVdlL4hUQRfeVdTE27042it4T21e4I4T23wn5s4flrE0Hn7zE+CM17v/1t1h9tGNHgMh3s45s2A==",
      "funding": [
        {
          "type": "github",
          "url": "https://github.com/sponsors/feross"
        },
        {
          "type": "patreon",
          "url": "https://www.patreon.com/feross"
        },
        {
          "type": "consulting",
          "url": "https://feross.org/support"
        }
      ],
      "dependencies": {
        "queue-microtask": "^1.2.2"
      }
    },
    "node_modules/socket.io-client": {
      "version": "4.7.5",
      "resolved": "https://registry.npmjs.org/socket.io-client/-/socket.io-client-4.7.5.tgz",
      "integrity": "sha512-CeKqK0ddVpQ8aSeSot+bQo/Hi2d2i4I4wsczNgv5U4l33IuN+a2uSpcE2hT4p2E82eNn4bULrT2nE/3tIWXbA==",
      "dependencies": {
        "@socket.io/component-emitter": "~3.1.0",
        "backo2": "1.0.2",
        "debug": "~4.3.2",
        "engine.io-client": "~6.5.2",
        "socket.io-parser": "~4.2.3"
      },
      "engines": {
        "node": ">=10.0.0"
      }
    },
    "node_modules/socket.io-parser": {
      "version": "4.2.4",
      "resolved": "https://registry.npmjs.org/socket.io-parser/-/socket.io-parser-4.2.4.tgz",
      "integrity": "sha512-WaD4eN3I7aW2/e3daaOm3u2lR5a3hrvyk/e4nSLe+OK0wQoqgT4efL3XgYdPkG++2p2j1TfIuA42g/b8gA6aFg==",
      "dependencies": {
        "@socket.io/component-emitter": "~3.1.0",
        "debug": "~4.3.1"
      },
      "engines": {
        "node": ">=10.0.0"
      }
    },
    "node_modules/source-map-js": {
      "version": "1.2.0",
      "resolved": "https://registry.npmjs.org/source-map-js/-/source-map-js-1.2.0.tgz",
      "integrity": "sha512-itJW8lvSA0imC/3iCRme8TPnTr24XfN3EMIBY27aT1efs4d/tK073sh3Zk0oaLd2t2goGSsdecsZ/1aB4B5g1A==",
      "engines": {
        "node": ">=0.10.0"
      }
    },
    "node_modules/sucrase": {
      "version": "3.35.0",
      "resolved": "https://registry.npmjs.org/sucrase/-/sucrase-3.35.0.tgz",
      "integrity": "sha512-49k7+54sPcr4zI3K1i2p3a2BwGerm3e/n3+w22CfhgnmQ32lqsj2+wJb8k22G/fBf5hPZDGkK3e2o5Tj1dYTwA==",
      "dependencies": {
        "@jridgewell/gen-mapping": "^0.3.2",
        "commander": "^4.0.0",
        "lines-and-columns": "^1.2.4",
        "pirates": "^4.0.5",
        "ts-interface-checker": "^0.1.13"
      },
      "bin": {
        "sucrase": "bin/sucrase",
        "sucrase-node": "bin/sucrase-node"
      },
      "engines": {
        "node": ">=12"
      }
    },
    "node_modules/supports-color": {
      "version": "7.2.0",
      "resolved": "https://registry.npmjs.org/supports-color/-/supports-color-7.2.0.tgz",
      "integrity": "sha512-qpCAv3cH5vYCaHklII4oXBcvE0ez5teKzR7NHVHe+a+s54/tLPhMalIN82xNXRHiKViwbUERZbIOKjPS5r2Zsw==",
      "dependencies": {
        "has-flag": "^4.0.0"
      },
      "engines": {
        "node": ">=8"
      }
    },
    "node_modules/tailwindcss": {
      "version": "3.4.3",
      "resolved": "https://registry.npmjs.org/tailwindcss/-/tailwindcss-3.4.3.tgz",
      "integrity": "sha512-tANv9gMyf331W1gq9iASWpcf8nMuFrxBRiVStiG15ODfl/dGv3i2i/8zDRg2htzQoKxYy9WDAiE3iDJMY2d2Aw==",
      "dependencies": {
        "arg": "^5.0.2",
        "chokidar": "^3.6.0",
        "didyoumean": "^1.2.2",
        "dlv": "^1.1.3",
        "fast-glob": "^3.3.2",
        "glob-parent": "^6.0.2",
        "is-glob": "^4.0.3",
        "lilconfig": "^2.1.0",
        "micromatch": "^4.0.5",
        "object-hash": "^3.0.0",
        "picocolors": "^1.0.1",
        "postcss": "^8.4.32",
        "postcss-import": "^15.1.0",
        "postcss-js": "^4.0.1",
        "postcss-load-config": "^4.0.2",
        "postcss-nested": "^6.0.1",
        "postcss-selector-parser": "^6.0.13",
        "resolve": "^1.22.8",
        "sucrase": "^3.35.0"
      },
      "bin": {
        "tailwind": "lib/cli.js",
        "tailwindcss": "lib/cli.js"
      },
      "engines": {
        "node": ">=14.0.0"
      },
      "funding": {
        "type": "opencollective",
        "url": "https://opencollective.com/tailwind-css"
      },
      "peerDependencies": {
        "postcss": "^8.0.0"
      },
      "peerDependenciesMeta": {
        "autoprefixer": {
          "optional": true
        }
      }
    },
    "node_modules/to-regex-range": {
      "version": "5.0.1",
      "resolved": "https://registry.npmjs.org/to-regex-range/-/to-regex-range-5.0.1.tgz",
      "integrity": "sha512-65256cAHI5a+q0Vw944sZ0hAEXPO+j3Bh00zSM4peMAfc7cfA_2IStQpAD1chA0f72un5Vz50sVPGt2A7VRegA==",
      "dependencies": {
        "is-number": "^7.0.0"
      },
      "engines": {
        "node": ">=8.0"
      }
    },
    "node_modules/ts-interface-checker": {
      "version": "0.1.13",
      "resolved": "https://registry.npmjs.org/ts-interface-checker/-/ts-interface-checker-0.1.13.tgz",
      "integrity": "sha512-Y/arvbn+rrz3JSt3iBC1d9yBC2524Lsy+mX4vT4A/8jM22T/aX1L+DI73t43wwGuBKR6O0hY7I0652m32EOrA==",
      "engines": {
        "node": ">=6.0.0"
      }
    },
    "node_modules/util-deprecate": {
      "version": "1.0.2",
      "resolved": "https://registry.npmjs.org/util-deprecate/-/util-deprecate-1.0.2.tgz",
      "integrity": "sha512-EPD5q1uXyFxJpCrLnCc1zC9PlHPXB6zHxyFIJOL5ESVrqIzH1La8j2der37ZiUGFHo3AwwpsoAxTryCD3sBe+A=="
    },
    "node_modules/vary": {
      "version": "1.1.2",
      "resolved": "https://registry.npmjs.org/vary/-/vary-1.1.2.tgz",
      "integrity": "sha512-BNGbWLfd0eUPabhkXUVm0j8uuvREyTh5ovRaURcjRHpF0r2lnStwZPH9QauiYBC2/d5BYOTzFljZpL7A7OLrUA==",
      "engines": {
        "node": ">= 0.8"
      }
    },
    "node_modules/ws": {
      "version": "8.11.0",
      "resolved": "https://registry.npmjs.org/ws/-/ws-8.11.0.tgz",
      "integrity": "sha512-HPG3wQd9sNQoT9vA03V0ATDF+VdpIeT20oUTDT101uDTALhPj23/3b4VT5eOMltp0PIdn4Nscq/e8iM2sZ2dGA==",
      "engines": {
        "node": ">=10.0.0"
      },
      "peerDependencies": {
        "bufferutil": "^4.0.1",
        "utf-8-validate": ">=5.0.2"
      },
      "peerDependenciesMeta": {
        "bufferutil": {
          "optional": true
        },
        "utf-8-validate": {
          "optional": true
        }
      }
    },
    "node_modules/xmlhttprequest-ssl": {
      "version": "2.0.0",
      "resolved": "https://registry.npmjs.org/xmlhttprequest-ssl/-/xmlhttprequest-ssl-2.0.0.tgz",
      "integrity": "sha512-M/e+X0hCI/o0kK2y0FfW/n9Gjx+c2GVSrffEw21B3b2rq224j1iP74a4k2A1Qn4r426C11M54e2y5xtidCmA==",
      "engines": {
        "node": ">=0.4.0"
      }
    },
    "node_modules/yaml": {
      "version": "2.4.2",
      "resolved": "https://registry.npmjs.org/yaml/-/yaml-2.4.2.tgz",
      "integrity": "sha512-Bv46PrTzuidr9Ap21a5gI6T580qf2jd3g67A2a2D4v5vB5oY5c/3L8K9gPz2/0e3PYvE3+5p/3aCEpTXg==",
      "engines": {
        "node": ">= 14"
      }
    }
  }
}
